
Microsoft Visual Studio Solution File, Format Version 11.00
# Visual Studio 2010
Project("{FAE04EC0-301F-11D3-BF4B-00C04F79EFBC}") = "CLR_1", "CLR_1.csproj", "{39AA74A4-BF76-40AC-A071-438A7B201A81}"
EndProject
Global
	GlobalSection(SolutionConfigurationPlatforms) = preSolution
		Debug|x86 = Debug|x86
		Release|x86 = Release|x86
	EndGlobalSection
	GlobalSection(ProjectConfigurationPlatforms) = postSolution
		{39AA74A4-BF76-40AC-A071-438A7B201A81}.Debug|x86.ActiveCfg = Debug|x86
		{39AA74A4-BF76-40AC-A071-438A7B201A81}.Debug|x86.Build.0 = Debug|x86
		{39AA74A4-BF76-40AC-A071-438A7B201A81}.Release|x86.ActiveCfg = Release|x86
		{39AA74A4-BF76-40AC-A071-438A7B201A81}.Release|x86.Build.0 = Release|x86
	EndGlobalSection
	GlobalSection(SolutionProperties) = preSolution
		HideSolutionNode = FALSE
	EndGlobalSection
EndGlobal
